
Microsoft Visual Studio Solution File, Format Version 12.00
# Visual Studio 15
Project("{f2a71f9b-5d33-465a-a702-920d77279786}") = "HalfElmishDemo.iOS", "iOS\HalfElmishDemo.iOS.fsproj", "{61CD685E-2D32-41FC-B885-EDE0B2FB134A}"
EndProject
Project("{f2a71f9b-5d33-465a-a702-920d77279786}") = "HalfElmishDemo.Droid", "Droid\HalfElmishDemo.Droid.fsproj", "{A69FC96F-903A-4AFA-BE42-F9B0E2E7E7E5}"
EndProject
Project("{f2a71f9b-5d33-465a-a702-920d77279786}") = "HalfElmishDemo", "HalfElmishDemo\HalfElmishDemo.fsproj", "{DFCCE531-393B-4188-B1F5-30DB505F1C5C}"
EndProject
Global
	GlobalSection(SolutionConfigurationPlatforms) = preSolution
		Debug|iPhoneSimulator = Debug|iPhoneSimulator
		Release|iPhone = Release|iPhone
		Release|iPhoneSimulator = Release|iPhoneSimulator
		Debug|iPhone = Debug|iPhone
		Debug|Any CPU = Debug|Any CPU
		Release|Any CPU = Release|Any CPU
	EndGlobalSection
	GlobalSection(ProjectConfigurationPlatforms) = postSolution
		{61CD685E-2D32-41FC-B885-EDE0B2FB134A}.Debug|iPhoneSimulator.ActiveCfg = Debug|iPhoneSimulator
		{61CD685E-2D32-41FC-B885-EDE0B2FB134A}.Debug|iPhoneSimulator.Build.0 = Debug|iPhoneSimulator
		{61CD685E-2D32-41FC-B885-EDE0B2FB134A}.Release|iPhone.ActiveCfg = Release|iPhone
		{61CD685E-2D32-41FC-B885-EDE0B2FB134A}.Release|iPhone.Build.0 = Release|iPhone
		{61CD685E-2D32-41FC-B885-EDE0B2FB134A}.Release|iPhoneSimulator.ActiveCfg = Release|iPhoneSimulator
		{61CD685E-2D32-41FC-B885-EDE0B2FB134A}.Release|iPhoneSimulator.Build.0 = Release|iPhoneSimulator
		{61CD685E-2D32-41FC-B885-EDE0B2FB134A}.Debug|iPhone.ActiveCfg = Debug|iPhone
		{61CD685E-2D32-41FC-B885-EDE0B2FB134A}.Debug|iPhone.Build.0 = Debug|iPhone
		{61CD685E-2D32-41FC-B885-EDE0B2FB134A}.Debug|Any CPU.ActiveCfg = Debug|iPhoneSimulator
		{61CD685E-2D32-41FC-B885-EDE0B2FB134A}.Debug|Any CPU.Build.0 = Debug|iPhoneSimulator
		{61CD685E-2D32-41FC-B885-EDE0B2FB134A}.Release|Any CPU.ActiveCfg = Release|iPhone
		{61CD685E-2D32-41FC-B885-EDE0B2FB134A}.Release|Any CPU.Build.0 = Release|iPhone
		{A69FC96F-903A-4AFA-BE42-F9B0E2E7E7E5}.Debug|iPhoneSimulator.ActiveCfg = Debug|Any CPU
		{A69FC96F-903A-4AFA-BE42-F9B0E2E7E7E5}.Debug|iPhoneSimulator.Build.0 = Debug|Any CPU
		{A69FC96F-903A-4AFA-BE42-F9B0E2E7E7E5}.Release|iPhone.ActiveCfg = Release|Any CPU
		{A69FC96F-903A-4AFA-BE42-F9B0E2E7E7E5}.Release|iPhone.Build.0 = Release|Any CPU
		{A69FC96F-903A-4AFA-BE42-F9B0E2E7E7E5}.Release|iPhoneSimulator.ActiveCfg = Release|Any CPU
		{A69FC96F-903A-4AFA-BE42-F9B0E2E7E7E5}.Release|iPhoneSimulator.Build.0 = Release|Any CPU
		{A69FC96F-903A-4AFA-BE42-F9B0E2E7E7E5}.Debug|iPhone.ActiveCfg = Debug|Any CPU
		{A69FC96F-903A-4AFA-BE42-F9B0E2E7E7E5}.Debug|iPhone.Build.0 = Debug|Any CPU
		{A69FC96F-903A-4AFA-BE42-F9B0E2E7E7E5}.Debug|Any CPU.ActiveCfg = Debug|Any CPU
		{A69FC96F-903A-4AFA-BE42-F9B0E2E7E7E5}.Debug|Any CPU.Build.0 = Debug|Any CPU
		{A69FC96F-903A-4AFA-BE42-F9B0E2E7E7E5}.Release|Any CPU.ActiveCfg = Release|Any CPU
		{A69FC96F-903A-4AFA-BE42-F9B0E2E7E7E5}.Release|Any CPU.Build.0 = Release|Any CPU
		{DFCCE531-393B-4188-B1F5-30DB505F1C5C}.Debug|iPhoneSimulator.ActiveCfg = Debug|Any CPU
		{DFCCE531-393B-4188-B1F5-30DB505F1C5C}.Debug|iPhoneSimulator.Build.0 = Debug|Any CPU
		{DFCCE531-393B-4188-B1F5-30DB505F1C5C}.Release|iPhone.ActiveCfg = Release|Any CPU
		{DFCCE531-393B-4188-B1F5-30DB505F1C5C}.Release|iPhone.Build.0 = Release|Any CPU
		{DFCCE531-393B-4188-B1F5-30DB505F1C5C}.Release|iPhoneSimulator.ActiveCfg = Release|Any CPU
		{DFCCE531-393B-4188-B1F5-30DB505F1C5C}.Release|iPhoneSimulator.Build.0 = Release|Any CPU
		{DFCCE531-393B-4188-B1F5-30DB505F1C5C}.Debug|iPhone.ActiveCfg = Debug|Any CPU
		{DFCCE531-393B-4188-B1F5-30DB505F1C5C}.Debug|iPhone.Build.0 = Debug|Any CPU
		{DFCCE531-393B-4188-B1F5-30DB505F1C5C}.Debug|Any CPU.ActiveCfg = Debug|Any CPU
		{DFCCE531-393B-4188-B1F5-30DB505F1C5C}.Debug|Any CPU.Build.0 = Debug|Any CPU
		{DFCCE531-393B-4188-B1F5-30DB505F1C5C}.Release|Any CPU.ActiveCfg = Release|Any CPU
		{DFCCE531-393B-4188-B1F5-30DB505F1C5C}.Release|Any CPU.Build.0 = Release|Any CPU
	EndGlobalSection
EndGlobal
